{
  "name": "DSAlgosInJavascript",
  "version": "1.0.0",
  "lockfileVersion": 1,
  "requires": true,
  "dependencies": {
    "intellisense-js": {
      "version": "1.1.3",
      "resolved": "https://registry.npmjs.org/intellisense-js/-/intellisense-js-1.1.3.tgz",
      "integrity": "sha1-c/Tzeo0hHs9UW9tt5RrrTe96EOI=",
      "requires": {
        "lodash-node": "*"
      }
    },
    "lodash-node": {
      "version": "3.10.2",
      "resolved": "https://registry.npmjs.org/lodash-node/-/lodash-node-3.10.2.tgz",
      "integrity": "sha1-JZjVsbVOami0y1ROXHMJU8v2Mvc="
    }
  }
}
